
Microsoft Visual Studio Solution File, Format Version 12.00
# Visual Studio Version 17
VisualStudioVersion = 17.6.33829.357
MinimumVisualStudioVersion = 10.0.40219.1
Project("{FAE04EC0-301F-11D3-BF4B-00C04F79EFBC}") = "TP_3_CDC11", "TP_3_CDC11\TP_3_CDC11.csproj", "{9F230894-D145-4101-A32B-79C5D9090AF9}"
EndProject
Global
	GlobalSection(SolutionConfigurationPlatforms) = preSolution
		Debug|Any CPU = Debug|Any CPU
		Release|Any CPU = Release|Any CPU
	EndGlobalSection
	GlobalSection(ProjectConfigurationPlatforms) = postSolution
		{9F230894-D145-4101-A32B-79C5D9090AF9}.Debug|Any CPU.ActiveCfg = Debug|Any CPU
		{9F230894-D145-4101-A32B-79C5D9090AF9}.Debug|Any CPU.Build.0 = Debug|Any CPU
		{9F230894-D145-4101-A32B-79C5D9090AF9}.Release|Any CPU.ActiveCfg = Release|Any CPU
		{9F230894-D145-4101-A32B-79C5D9090AF9}.Release|Any CPU.Build.0 = Release|Any CPU
	EndGlobalSection
	GlobalSection(SolutionProperties) = preSolution
		HideSolutionNode = FALSE
	EndGlobalSection
	GlobalSection(ExtensibilityGlobals) = postSolution
		SolutionGuid = {11BDCDD3-4B34-463E-BF14-7690C66BF14B}
	EndGlobalSection
EndGlobal
