
Microsoft Visual Studio Solution File, Format Version 12.00
# Visual Studio Version 17
VisualStudioVersion = 17.7.34018.315
MinimumVisualStudioVersion = 10.0.40219.1
Project("{FAE04EC0-301F-11D3-BF4B-00C04F79EFBC}") = "Trabajo_Practico_4", "Trabajo_Practico_4\Trabajo_Practico_4.csproj", "{67D7F006-1176-4561-BC46-09EF921C1894}"
EndProject
Global
	GlobalSection(SolutionConfigurationPlatforms) = preSolution
		Debug|Any CPU = Debug|Any CPU
		Release|Any CPU = Release|Any CPU
	EndGlobalSection
	GlobalSection(ProjectConfigurationPlatforms) = postSolution
		{67D7F006-1176-4561-BC46-09EF921C1894}.Debug|Any CPU.ActiveCfg = Debug|Any CPU
		{67D7F006-1176-4561-BC46-09EF921C1894}.Debug|Any CPU.Build.0 = Debug|Any CPU
		{67D7F006-1176-4561-BC46-09EF921C1894}.Release|Any CPU.ActiveCfg = Release|Any CPU
		{67D7F006-1176-4561-BC46-09EF921C1894}.Release|Any CPU.Build.0 = Release|Any CPU
	EndGlobalSection
	GlobalSection(SolutionProperties) = preSolution
		HideSolutionNode = FALSE
	EndGlobalSection
	GlobalSection(ExtensibilityGlobals) = postSolution
		SolutionGuid = {755EE61D-628F-400B-8A95-4517731C6740}
	EndGlobalSection
EndGlobal
